Microsoft Visual Studio Solution File, Format Version 11.00
# Visual Studio 2008

Project("{09E5F433-97A3-5AD6-DB68-BDF13DE8B8FA}") = "Zombicide", "Assembly-CSharp.csproj", "{A69EE3FB-D874-D4D3-E3DC-104952CE4FA4}"
EndProject
Project("{09E5F433-97A3-5AD6-DB68-BDF13DE8B8FA}") = "Zombicide", "Assembly-CSharp-Editor.csproj", "{B1564974-12D7-8B29-D1A6-C88225E9AC75}"
EndProject
Project("{09E5F433-97A3-5AD6-DB68-BDF13DE8B8FA}") = "Zombicide", "Assembly-UnityScript-Editor.unityproj", "{8A67DC90-BB0B-40A9-056D-D4187EE0E148}"
EndProject
Global
	GlobalSection(SolutionConfigurationPlatforms) = preSolution
		Debug|Any CPU = Debug|Any CPU
		Release|Any CPU = Release|Any CPU
	EndGlobalSection
	GlobalSection(ProjectConfigurationPlatforms) = postSolution
		{A69EE3FB-D874-D4D3-E3DC-104952CE4FA4}.Debug|Any CPU.ActiveCfg = Debug|Any CPU
		{A69EE3FB-D874-D4D3-E3DC-104952CE4FA4}.Debug|Any CPU.Build.0 = Debug|Any CPU
		{A69EE3FB-D874-D4D3-E3DC-104952CE4FA4}.Release|Any CPU.ActiveCfg = Release|Any CPU
		{A69EE3FB-D874-D4D3-E3DC-104952CE4FA4}.Release|Any CPU.Build.0 = Release|Any CPU
		{B1564974-12D7-8B29-D1A6-C88225E9AC75}.Debug|Any CPU.ActiveCfg = Debug|Any CPU
		{B1564974-12D7-8B29-D1A6-C88225E9AC75}.Debug|Any CPU.Build.0 = Debug|Any CPU
		{B1564974-12D7-8B29-D1A6-C88225E9AC75}.Release|Any CPU.ActiveCfg = Release|Any CPU
		{B1564974-12D7-8B29-D1A6-C88225E9AC75}.Release|Any CPU.Build.0 = Release|Any CPU
		{8A67DC90-BB0B-40A9-056D-D4187EE0E148}.Debug|Any CPU.ActiveCfg = Debug|Any CPU
		{8A67DC90-BB0B-40A9-056D-D4187EE0E148}.Debug|Any CPU.Build.0 = Debug|Any CPU
		{8A67DC90-BB0B-40A9-056D-D4187EE0E148}.Release|Any CPU.ActiveCfg = Release|Any CPU
		{8A67DC90-BB0B-40A9-056D-D4187EE0E148}.Release|Any CPU.Build.0 = Release|Any CPU
	EndGlobalSection
	GlobalSection(SolutionProperties) = preSolution
		HideSolutionNode = FALSE
	EndGlobalSection
																																																	GlobalSection(MonoDevelopProperties) = preSolution
		StartupItem = Assembly-CSharp.csproj
		Policies = $0
		$0.TextStylePolicy = $1
		$1.inheritsSet = null
		$1.scope = text/x-csharp
		$0.CSharpFormattingPolicy = $2
		$2.inheritsSet = Mono
		$2.inheritsScope = text/x-csharp
		$2.scope = text/x-csharp
		$0.TextStylePolicy = $3
		$3.FileWidth = 120
		$3.TabWidth = 4
		$3.IndentWidth = 4
		$3.EolMarker = Unix
		$3.inheritsSet = Mono
		$3.inheritsScope = text/plain
		$3.scope = text/plain
	EndGlobalSection

EndGlobal
